{
    "name": "plugins-timostamm-protobuf-ts",
    "version": "1.0.0",
    "lockfileVersion": 3,
    "requires": true,
    "packages": {
        "": {
            "name": "plugins-timostamm-protobuf-ts",
            "version": "1.0.0",
            "dependencies": {
                "@protobuf-ts/plugin": "2.9.1"
            }
        },
        "node_modules/@protobuf-ts/plugin": {
            "version": "2.9.1",
            "resolved": "https://registry.npmjs.org/@protobuf-ts/plugin/-/plugin-2.9.1.tgz",
            "integrity": "sha512-svkFSyFgTtaLdDFPGvd6cTu8qK5Nul5RizDCTcv0xWRzcPWtMiqbuCLKCv6E9gdpnAs3MPeQTnSABB2+NhfWBg==",
            "dependencies": {
                "@protobuf-ts/plugin-framework": "^2.9.1",
                "@protobuf-ts/protoc": "^2.9.1",
                "@protobuf-ts/runtime": "^2.9.1",
                "@protobuf-ts/runtime-rpc": "^2.9.1",
                "typescript": "^3.9"
            },
            "bin": {
                "protoc-gen-dump": "bin/protoc-gen-dump",
                "protoc-gen-ts": "bin/protoc-gen-ts"
            }
        },
        "node_modules/@protobuf-ts/plugin-framework": {
            "version": "2.9.1",
            "resolved": "https://registry.npmjs.org/@protobuf-ts/plugin-framework/-/plugin-framework-2.9.1.tgz",
            "integrity": "sha512-/4sHdsXjp6KKkbpcCLUHpMfdYsCaqqQHRAwoxVzHmltsotw06B/K9HglZtkQx0IpLO4eeF3vNr3n7qzjD3e2zA==",
            "dependencies": {
                "@protobuf-ts/runtime": "^2.9.1",
                "typescript": "^3.9"
            }
        },
        "node_modules/@protobuf-ts/protoc": {
            "version": "2.9.1",
            "resolved": "https://registry.npmjs.org/@protobuf-ts/protoc/-/protoc-2.9.1.tgz",
            "integrity": "sha512-/q2iVDwVDijfZlFZnnm3W6ALbybNskNSww88TfYBaJH49PuQMqhcXUPRu28UouJr9sc/Lr5k6t0TB9Nff3UIsA==",
            "bin": {
                "protoc": "protoc.js"
            }
        },
        "node_modules/@protobuf-ts/runtime": {
            "version": "2.9.1",
            "resolved": "https://registry.npmjs.org/@protobuf-ts/runtime/-/runtime-2.9.1.tgz",
            "integrity": "sha512-ZTc8b+pQ6bwxZa3qg9/IO/M/brRkvr0tic9cSGgAsDByfPrtatT2300wTIRLDk8X9WTW1tT+FhyqmcrbMHTeww=="
        },
        "node_modules/@protobuf-ts/runtime-rpc": {
            "version": "2.9.1",
            "resolved": "https://registry.npmjs.org/@protobuf-ts/runtime-rpc/-/runtime-rpc-2.9.1.tgz",
            "integrity": "sha512-pzO20J6s07LTWcj8hKAXh/dAacU5HIVir6SANKXXH8G0pn0VIIB4FFECq5Hbv25/8PQoOGZ7iApq/DMHaSjGhg==",
            "dependencies": {
                "@protobuf-ts/runtime": "^2.9.1"
            }
        },
        "node_modules/typescript": {
            "version": "3.9.10",
            "resolved": "https://registry.npmjs.org/typescript/-/typescript-3.9.10.tgz",
            "integrity": "sha512-w6fIxVE/H1PkLKcCPsFqKE7Kv7QUwhU8qQY2MueZXWx5cPZdwFupLgKK3vntcK98BtNHZtAF4LA/yl2a7k8R6Q==",
            "bin": {
                "tsc": "bin/tsc",
                "tsserver": "bin/tsserver"
            },
            "engines": {
                "node": ">=4.2.0"
            }
        }
    }
}
