{
  "name": "plugins-library-protobuf-es",
  "version": "1.0.0",
  "lockfileVersion": 2,
  "requires": true,
  "packages": {
    "": {
      "name": "plugins-library-protobuf-es",
      "version": "1.0.0",
      "dependencies": {
        "@bufbuild/protoc-gen-es": "0.0.10"
      }
    },
    "node_modules/@bufbuild/protobuf": {
      "version": "0.0.10",
      "resolved": "https://registry.npmjs.org/@bufbuild/protobuf/-/protobuf-0.0.10.tgz",
      "integrity": "sha512-KAIMq9+zgRms902o6Cwyv9q4+rf1cOlF41QpEPU8lWbyj+QViD7JjG4370Ev9JFJtJr1qO3ZMdjUhglH0gsDrg=="
    },
    "node_modules/@bufbuild/protoc-gen-es": {
      "version": "0.0.10",
      "resolved": "https://registry.npmjs.org/@bufbuild/protoc-gen-es/-/protoc-gen-es-0.0.10.tgz",
      "integrity": "sha512-RhIEinP4eKyZH7Zr0IkZU8Jhp9kxeiuSHh71K0cAlsp0HR1YdBNJ56GW+1e9nJUV/gmFkbQ3L72X1TaWdZ548A==",
      "dependencies": {
        "@bufbuild/protoplugin": "0.0.10"
      },
      "bin": {
        "protoc-gen-es": "bin/protoc-gen-es"
      },
      "engines": {
        "node": ">=14"
      },
      "peerDependencies": {
        "@bufbuild/protobuf": "0.0.10"
      },
      "peerDependenciesMeta": {
        "@bufbuild/protobuf": {
          "optional": true
        }
      }
    },
    "node_modules/@bufbuild/protoplugin": {
      "version": "0.0.10",
      "resolved": "https://registry.npmjs.org/@bufbuild/protoplugin/-/protoplugin-0.0.10.tgz",
      "integrity": "sha512-cfC5ODqmkVpNNU8zXhZNSwXQgPZcG6Sqbe4d/UqiOyDh1kH6hYVEuqNKXNBRDzQXjwRAeBEi2m4Zp8MpCoP5Ug==",
      "dependencies": {
        "@bufbuild/protobuf": "0.0.10"
      }
    }
  },
  "dependencies": {
    "@bufbuild/protobuf": {
      "version": "0.0.10",
      "resolved": "https://registry.npmjs.org/@bufbuild/protobuf/-/protobuf-0.0.10.tgz",
      "integrity": "sha512-KAIMq9+zgRms902o6Cwyv9q4+rf1cOlF41QpEPU8lWbyj+QViD7JjG4370Ev9JFJtJr1qO3ZMdjUhglH0gsDrg=="
    },
    "@bufbuild/protoc-gen-es": {
      "version": "0.0.10",
      "resolved": "https://registry.npmjs.org/@bufbuild/protoc-gen-es/-/protoc-gen-es-0.0.10.tgz",
      "integrity": "sha512-RhIEinP4eKyZH7Zr0IkZU8Jhp9kxeiuSHh71K0cAlsp0HR1YdBNJ56GW+1e9nJUV/gmFkbQ3L72X1TaWdZ548A==",
      "requires": {
        "@bufbuild/protoplugin": "0.0.10"
      }
    },
    "@bufbuild/protoplugin": {
      "version": "0.0.10",
      "resolved": "https://registry.npmjs.org/@bufbuild/protoplugin/-/protoplugin-0.0.10.tgz",
      "integrity": "sha512-cfC5ODqmkVpNNU8zXhZNSwXQgPZcG6Sqbe4d/UqiOyDh1kH6hYVEuqNKXNBRDzQXjwRAeBEi2m4Zp8MpCoP5Ug==",
      "requires": {
        "@bufbuild/protobuf": "0.0.10"
      }
    }
  }
}
