{
  "name": "plugins-library-protobuf-es",
  "version": "1.0.0",
  "lockfileVersion": 2,
  "requires": true,
  "packages": {
    "": {
      "name": "plugins-library-protobuf-es",
      "version": "1.0.0",
      "dependencies": {
        "@bufbuild/protoc-gen-es": "0.0.9"
      }
    },
    "node_modules/@bufbuild/protobuf": {
      "version": "0.0.9",
      "resolved": "https://registry.npmjs.org/@bufbuild/protobuf/-/protobuf-0.0.9.tgz",
      "integrity": "sha512-sn7Ha93wmew/9mljh70HWRMIT4syxxM0doBPPRxznraV/IQ60bTn+MVfx+t6fIkJIeKt/ReyUSxsQR5XdZZzdw=="
    },
    "node_modules/@bufbuild/protoc-gen-es": {
      "version": "0.0.9",
      "resolved": "https://registry.npmjs.org/@bufbuild/protoc-gen-es/-/protoc-gen-es-0.0.9.tgz",
      "integrity": "sha512-A4nlwaoS6dCNDf8ohvLOfIm6NJPWUzpjJc46UgzVlmeHLOjZOdSaHLmhMVSnN3kx8WX55rl9ULqtGLG0Ks7PJg==",
      "dependencies": {
        "@bufbuild/protoplugin": "^0.0.9"
      },
      "bin": {
        "protoc-gen-es": "bin/protoc-gen-es"
      },
      "engines": {
        "node": ">=14"
      },
      "peerDependencies": {
        "@bufbuild/protobuf": "^0.0.9"
      },
      "peerDependenciesMeta": {
        "@bufbuild/protobuf": {
          "optional": true
        }
      }
    },
    "node_modules/@bufbuild/protoplugin": {
      "version": "0.0.9",
      "resolved": "https://registry.npmjs.org/@bufbuild/protoplugin/-/protoplugin-0.0.9.tgz",
      "integrity": "sha512-elcMfinjFy/H45njR3VccXR6jvKIozvDyrxgI6DDHjxPulNkhudy0s6b9PkCd0c5yeakbrFRpxUffs6J//cXqA==",
      "dependencies": {
        "@bufbuild/protobuf": "^0.0.9"
      }
    }
  },
  "dependencies": {
    "@bufbuild/protobuf": {
      "version": "0.0.9",
      "resolved": "https://registry.npmjs.org/@bufbuild/protobuf/-/protobuf-0.0.9.tgz",
      "integrity": "sha512-sn7Ha93wmew/9mljh70HWRMIT4syxxM0doBPPRxznraV/IQ60bTn+MVfx+t6fIkJIeKt/ReyUSxsQR5XdZZzdw=="
    },
    "@bufbuild/protoc-gen-es": {
      "version": "0.0.9",
      "resolved": "https://registry.npmjs.org/@bufbuild/protoc-gen-es/-/protoc-gen-es-0.0.9.tgz",
      "integrity": "sha512-A4nlwaoS6dCNDf8ohvLOfIm6NJPWUzpjJc46UgzVlmeHLOjZOdSaHLmhMVSnN3kx8WX55rl9ULqtGLG0Ks7PJg==",
      "requires": {
        "@bufbuild/protoplugin": "^0.0.9"
      }
    },
    "@bufbuild/protoplugin": {
      "version": "0.0.9",
      "resolved": "https://registry.npmjs.org/@bufbuild/protoplugin/-/protoplugin-0.0.9.tgz",
      "integrity": "sha512-elcMfinjFy/H45njR3VccXR6jvKIozvDyrxgI6DDHjxPulNkhudy0s6b9PkCd0c5yeakbrFRpxUffs6J//cXqA==",
      "requires": {
        "@bufbuild/protobuf": "^0.0.9"
      }
    }
  }
}
