{
    "name": "plugins-timostamm-protobuf-ts",
    "version": "1.0.0",
    "lockfileVersion": 3,
    "requires": true,
    "packages": {
        "": {
            "name": "plugins-timostamm-protobuf-ts",
            "version": "1.0.0",
            "dependencies": {
                "@protobuf-ts/plugin": "2.8.3"
            }
        },
        "node_modules/@protobuf-ts/plugin": {
            "version": "2.8.3",
            "resolved": "https://registry.npmjs.org/@protobuf-ts/plugin/-/plugin-2.8.3.tgz",
            "integrity": "sha512-MZG6up/AJKPviHLCH6p3jBDte4FMP08f01AvgmRjgZen4jRfIql59cptBCs4gaw+4icLb8AWtGY6O04D/hNHSw==",
            "dependencies": {
                "@protobuf-ts/plugin-framework": "^2.8.3",
                "@protobuf-ts/protoc": "^2.8.3",
                "@protobuf-ts/runtime": "^2.8.3",
                "@protobuf-ts/runtime-rpc": "^2.8.3",
                "typescript": "^3.9"
            },
            "bin": {
                "protoc-gen-dump": "bin/protoc-gen-dump",
                "protoc-gen-ts": "bin/protoc-gen-ts"
            }
        },
        "node_modules/@protobuf-ts/plugin-framework": {
            "version": "2.8.3",
            "resolved": "https://registry.npmjs.org/@protobuf-ts/plugin-framework/-/plugin-framework-2.8.3.tgz",
            "integrity": "sha512-VfQP5Cfipaf7XASz+VRdKshN8EuDDvbfp+c5RTS6c3utUn6KhylDQWKSR/J1+hS5bQ2rHqYTqf6zya8Wn/2o3w==",
            "dependencies": {
                "@protobuf-ts/runtime": "^2.8.3",
                "typescript": "^3.9"
            }
        },
        "node_modules/@protobuf-ts/protoc": {
            "version": "2.8.3",
            "resolved": "https://registry.npmjs.org/@protobuf-ts/protoc/-/protoc-2.8.3.tgz",
            "integrity": "sha512-j5REioDr7KT/cyfBD6k+FNkQFzkqv38PuUw+BsQ0dcIFJqaP8PnilbwtPn6kAJtI5QxFWPkoAr3fsWtjK7k6tQ==",
            "bin": {
                "protoc": "protoc.js"
            }
        },
        "node_modules/@protobuf-ts/runtime": {
            "version": "2.8.3",
            "resolved": "https://registry.npmjs.org/@protobuf-ts/runtime/-/runtime-2.8.3.tgz",
            "integrity": "sha512-nVL1s5wWpF6U+wtWTEWfUPD9Ockckj+fHqhzgm41CKV4Oma3D/2M6tzqOQ+wrm4GZu1bt+s6f43feNnar6fhjA=="
        },
        "node_modules/@protobuf-ts/runtime-rpc": {
            "version": "2.8.3",
            "resolved": "https://registry.npmjs.org/@protobuf-ts/runtime-rpc/-/runtime-rpc-2.8.3.tgz",
            "integrity": "sha512-Tb6nuevgezjGNnT8WF+aveGWeI5xeAbNpySd/nzknKx6ynepXdlNz5cN0xIADeOgDJHo/05Ka+vZ5ZI33tz2Og==",
            "dependencies": {
                "@protobuf-ts/runtime": "^2.8.3"
            }
        },
        "node_modules/typescript": {
            "version": "3.9.10",
            "resolved": "https://registry.npmjs.org/typescript/-/typescript-3.9.10.tgz",
            "integrity": "sha512-w6fIxVE/H1PkLKcCPsFqKE7Kv7QUwhU8qQY2MueZXWx5cPZdwFupLgKK3vntcK98BtNHZtAF4LA/yl2a7k8R6Q==",
            "bin": {
                "tsc": "bin/tsc",
                "tsserver": "bin/tsserver"
            },
            "engines": {
                "node": ">=4.2.0"
            }
        }
    }
}
