{
  "name": "plugins-bufbuild-connect-web",
  "version": "1.0.0",
  "lockfileVersion": 2,
  "requires": true,
  "packages": {
    "": {
      "name": "plugins-bufbuild-connect-web",
      "version": "1.0.0",
      "dependencies": {
        "@bufbuild/protoc-gen-connect-web": "0.0.10"
      }
    },
    "node_modules/@bufbuild/protobuf": {
      "version": "0.0.9",
      "resolved": "https://registry.npmjs.org/@bufbuild/protobuf/-/protobuf-0.0.9.tgz",
      "integrity": "sha512-sn7Ha93wmew/9mljh70HWRMIT4syxxM0doBPPRxznraV/IQ60bTn+MVfx+t6fIkJIeKt/ReyUSxsQR5XdZZzdw=="
    },
    "node_modules/@bufbuild/protoc-gen-connect-web": {
      "version": "0.0.10",
      "resolved": "https://registry.npmjs.org/@bufbuild/protoc-gen-connect-web/-/protoc-gen-connect-web-0.0.10.tgz",
      "integrity": "sha512-yhUc1FfAieun7GNhAadPMNf41h9tvzoTylpfdeQhGhkOQJN+uont8SodXvBdEZg2cvxvA5VH3dqxFmdEwyy5lw==",
      "dependencies": {
        "@bufbuild/protoplugin": "^0.0.9"
      },
      "bin": {
        "protoc-gen-connect-web": "bin/protoc-gen-connect-web"
      },
      "engines": {
        "node": ">=14"
      },
      "peerDependencies": {
        "@bufbuild/connect-web": "^0.0.10",
        "@bufbuild/protoc-gen-es": "^0.0.9"
      },
      "peerDependenciesMeta": {
        "@bufbuild/connect-web": {
          "optional": true
        },
        "@bufbuild/protoc-gen-es": {
          "optional": true
        }
      }
    },
    "node_modules/@bufbuild/protoplugin": {
      "version": "0.0.9",
      "resolved": "https://registry.npmjs.org/@bufbuild/protoplugin/-/protoplugin-0.0.9.tgz",
      "integrity": "sha512-elcMfinjFy/H45njR3VccXR6jvKIozvDyrxgI6DDHjxPulNkhudy0s6b9PkCd0c5yeakbrFRpxUffs6J//cXqA==",
      "dependencies": {
        "@bufbuild/protobuf": "^0.0.9"
      }
    }
  },
  "dependencies": {
    "@bufbuild/protobuf": {
      "version": "0.0.9",
      "resolved": "https://registry.npmjs.org/@bufbuild/protobuf/-/protobuf-0.0.9.tgz",
      "integrity": "sha512-sn7Ha93wmew/9mljh70HWRMIT4syxxM0doBPPRxznraV/IQ60bTn+MVfx+t6fIkJIeKt/ReyUSxsQR5XdZZzdw=="
    },
    "@bufbuild/protoc-gen-connect-web": {
      "version": "0.0.10",
      "resolved": "https://registry.npmjs.org/@bufbuild/protoc-gen-connect-web/-/protoc-gen-connect-web-0.0.10.tgz",
      "integrity": "sha512-yhUc1FfAieun7GNhAadPMNf41h9tvzoTylpfdeQhGhkOQJN+uont8SodXvBdEZg2cvxvA5VH3dqxFmdEwyy5lw==",
      "requires": {
        "@bufbuild/protoplugin": "^0.0.9"
      }
    },
    "@bufbuild/protoplugin": {
      "version": "0.0.9",
      "resolved": "https://registry.npmjs.org/@bufbuild/protoplugin/-/protoplugin-0.0.9.tgz",
      "integrity": "sha512-elcMfinjFy/H45njR3VccXR6jvKIozvDyrxgI6DDHjxPulNkhudy0s6b9PkCd0c5yeakbrFRpxUffs6J//cXqA==",
      "requires": {
        "@bufbuild/protobuf": "^0.0.9"
      }
    }
  }
}
