{
  "name": "plugins-library-protobuf-es",
  "version": "1.0.0",
  "lockfileVersion": 2,
  "requires": true,
  "packages": {
    "": {
      "name": "plugins-library-protobuf-es",
      "version": "1.0.0",
      "dependencies": {
        "@bufbuild/protoc-gen-es": "0.1.0"
      }
    },
    "node_modules/@bufbuild/protobuf": {
      "version": "0.1.0",
      "resolved": "https://registry.npmjs.org/@bufbuild/protobuf/-/protobuf-0.1.0.tgz",
      "integrity": "sha512-LY29YLjJBh6K2Ao2yxaRohQh0HSVsNaKfp19QPcHHUUTV60eiOmD3j9YofOCCoDskooeLLlefBBKzNUYwUHcBg=="
    },
    "node_modules/@bufbuild/protoc-gen-es": {
      "version": "0.1.0",
      "resolved": "https://registry.npmjs.org/@bufbuild/protoc-gen-es/-/protoc-gen-es-0.1.0.tgz",
      "integrity": "sha512-uZw3A/qSaSHab3tlWtQICV+xXMyoE63GiWJJNoLtvdMlSVU3VhiXQ8OBUsxMffMVccJ303ogmJdZECQwZqm+xQ==",
      "dependencies": {
        "@bufbuild/protoplugin": "0.1.0"
      },
      "bin": {
        "protoc-gen-es": "bin/protoc-gen-es"
      },
      "engines": {
        "node": ">=14"
      },
      "peerDependencies": {
        "@bufbuild/protobuf": "0.1.0"
      },
      "peerDependenciesMeta": {
        "@bufbuild/protobuf": {
          "optional": true
        }
      }
    },
    "node_modules/@bufbuild/protoplugin": {
      "version": "0.1.0",
      "resolved": "https://registry.npmjs.org/@bufbuild/protoplugin/-/protoplugin-0.1.0.tgz",
      "integrity": "sha512-WvaR1J4mxe1KDmAkWK5YPR5LMKhqld/UGqP32zGE+I0lLE9Bj7b6a0nCk8dmmfMt2aLQvocy1Pyv23dfUaYZtg==",
      "dependencies": {
        "@bufbuild/protobuf": "0.1.0"
      }
    }
  },
  "dependencies": {
    "@bufbuild/protobuf": {
      "version": "0.1.0",
      "resolved": "https://registry.npmjs.org/@bufbuild/protobuf/-/protobuf-0.1.0.tgz",
      "integrity": "sha512-LY29YLjJBh6K2Ao2yxaRohQh0HSVsNaKfp19QPcHHUUTV60eiOmD3j9YofOCCoDskooeLLlefBBKzNUYwUHcBg=="
    },
    "@bufbuild/protoc-gen-es": {
      "version": "0.1.0",
      "resolved": "https://registry.npmjs.org/@bufbuild/protoc-gen-es/-/protoc-gen-es-0.1.0.tgz",
      "integrity": "sha512-uZw3A/qSaSHab3tlWtQICV+xXMyoE63GiWJJNoLtvdMlSVU3VhiXQ8OBUsxMffMVccJ303ogmJdZECQwZqm+xQ==",
      "requires": {
        "@bufbuild/protoplugin": "0.1.0"
      }
    },
    "@bufbuild/protoplugin": {
      "version": "0.1.0",
      "resolved": "https://registry.npmjs.org/@bufbuild/protoplugin/-/protoplugin-0.1.0.tgz",
      "integrity": "sha512-WvaR1J4mxe1KDmAkWK5YPR5LMKhqld/UGqP32zGE+I0lLE9Bj7b6a0nCk8dmmfMt2aLQvocy1Pyv23dfUaYZtg==",
      "requires": {
        "@bufbuild/protobuf": "0.1.0"
      }
    }
  }
}
