{
    "name": "plugins-timostamm-protobuf-ts",
    "version": "1.0.0",
    "lockfileVersion": 3,
    "requires": true,
    "packages": {
        "": {
            "name": "plugins-timostamm-protobuf-ts",
            "version": "1.0.0",
            "dependencies": {
                "@protobuf-ts/plugin": "2.9.2"
            }
        },
        "node_modules/@protobuf-ts/plugin": {
            "version": "2.9.2",
            "resolved": "https://registry.npmjs.org/@protobuf-ts/plugin/-/plugin-2.9.2.tgz",
            "integrity": "sha512-p2nBvqQOPdiwEHiqFJTQcOo27tFZG6s8qk0310KoWLvgES64l1HRT2sC9YcQQa+Evm7SrrcSBoAUlAwYJOKYBA==",
            "dependencies": {
                "@protobuf-ts/plugin-framework": "^2.9.2",
                "@protobuf-ts/protoc": "^2.9.2",
                "@protobuf-ts/runtime": "^2.9.2",
                "@protobuf-ts/runtime-rpc": "^2.9.2",
                "typescript": "^3.9"
            },
            "bin": {
                "protoc-gen-dump": "bin/protoc-gen-dump",
                "protoc-gen-ts": "bin/protoc-gen-ts"
            }
        },
        "node_modules/@protobuf-ts/plugin-framework": {
            "version": "2.9.2",
            "resolved": "https://registry.npmjs.org/@protobuf-ts/plugin-framework/-/plugin-framework-2.9.2.tgz",
            "integrity": "sha512-8KwGKb+1vNb1zk34J7G5eFpJEQ0QJKD3J83+IRN16BtP+9umHnR3Zgl8uYUYa9bU2U1FaUFtL0vPEHFj5oWrNw==",
            "dependencies": {
                "@protobuf-ts/runtime": "^2.9.2",
                "typescript": "^3.9"
            }
        },
        "node_modules/@protobuf-ts/protoc": {
            "version": "2.9.2",
            "resolved": "https://registry.npmjs.org/@protobuf-ts/protoc/-/protoc-2.9.2.tgz",
            "integrity": "sha512-36oEEzCGhYH9FAeAH9Lj5CTf15Mx1uZnC7c0g/CEJ22plwy6HJp5swHWCouFrdLOy05OlKy5coU0scCkuvotBQ==",
            "bin": {
                "protoc": "protoc.js"
            }
        },
        "node_modules/@protobuf-ts/runtime": {
            "version": "2.9.2",
            "resolved": "https://registry.npmjs.org/@protobuf-ts/runtime/-/runtime-2.9.2.tgz",
            "integrity": "sha512-0XeRY+5+j2ZrhY3osjUqz6Y8TVpgdO8h5OjKV+qXEpyjniiP+AVo06W7xZxfvsdBrtB7A3BvP5w1Cja7VYNGjw=="
        },
        "node_modules/@protobuf-ts/runtime-rpc": {
            "version": "2.9.2",
            "resolved": "https://registry.npmjs.org/@protobuf-ts/runtime-rpc/-/runtime-rpc-2.9.2.tgz",
            "integrity": "sha512-5NKxpIuL4DMckJMDOUqCH8KnHNIosqAzOwf9ooO+UjJIGTk268FvYYe5u0V1/bXByJgPU/nHC9+S4Pm6LKTTjg==",
            "dependencies": {
                "@protobuf-ts/runtime": "^2.9.2"
            }
        },
        "node_modules/typescript": {
            "version": "3.9.10",
            "resolved": "https://registry.npmjs.org/typescript/-/typescript-3.9.10.tgz",
            "integrity": "sha512-w6fIxVE/H1PkLKcCPsFqKE7Kv7QUwhU8qQY2MueZXWx5cPZdwFupLgKK3vntcK98BtNHZtAF4LA/yl2a7k8R6Q==",
            "bin": {
                "tsc": "bin/tsc",
                "tsserver": "bin/tsserver"
            },
            "engines": {
                "node": ">=4.2.0"
            }
        }
    }
}
