{
  "name": "plugins-bufbuild-protobuf-es",
  "version": "1.0.0",
  "lockfileVersion": 2,
  "requires": true,
  "packages": {
    "": {
      "name": "plugins-bufbuild-protobuf-es",
      "version": "1.0.0",
      "dependencies": {
        "@bufbuild/protoc-gen-es": "0.2.0"
      }
    },
    "node_modules/@bufbuild/protobuf": {
      "version": "0.2.0",
      "resolved": "https://registry.npmjs.org/@bufbuild/protobuf/-/protobuf-0.2.0.tgz",
      "integrity": "sha512-HAs82bdlN5aUsoTaJNsPd8driezDenOtAh7dVpO5xKEmyB6ibmRIV08MTlIVudnMYbFc1qw7RxhFHoQy0rSvgg=="
    },
    "node_modules/@bufbuild/protoc-gen-es": {
      "version": "0.2.0",
      "resolved": "https://registry.npmjs.org/@bufbuild/protoc-gen-es/-/protoc-gen-es-0.2.0.tgz",
      "integrity": "sha512-FFY8GfbMgcgN/nt4DtB+IiLvLmfGjQ7dKYVb6ciKCMymXx5MsRxs4xnJXHtpEv2rDVpDYCOhPkjri8o4AYeSPQ==",
      "dependencies": {
        "@bufbuild/protoplugin": "0.2.0"
      },
      "bin": {
        "protoc-gen-es": "bin/protoc-gen-es"
      },
      "engines": {
        "node": ">=14"
      },
      "peerDependencies": {
        "@bufbuild/protobuf": "0.2.0"
      },
      "peerDependenciesMeta": {
        "@bufbuild/protobuf": {
          "optional": true
        }
      }
    },
    "node_modules/@bufbuild/protoplugin": {
      "version": "0.2.0",
      "resolved": "https://registry.npmjs.org/@bufbuild/protoplugin/-/protoplugin-0.2.0.tgz",
      "integrity": "sha512-+zCwqiq6xbeM6OG02+eNCd4Rinu1Mtn+HsjMF8U8h5FazOj1fEP9SnXEabOfImOR83vHfk2jocqzrB4IkSZV2Q==",
      "dependencies": {
        "@bufbuild/protobuf": "0.2.0"
      }
    }
  },
  "dependencies": {
    "@bufbuild/protobuf": {
      "version": "0.2.0",
      "resolved": "https://registry.npmjs.org/@bufbuild/protobuf/-/protobuf-0.2.0.tgz",
      "integrity": "sha512-HAs82bdlN5aUsoTaJNsPd8driezDenOtAh7dVpO5xKEmyB6ibmRIV08MTlIVudnMYbFc1qw7RxhFHoQy0rSvgg=="
    },
    "@bufbuild/protoc-gen-es": {
      "version": "0.2.0",
      "resolved": "https://registry.npmjs.org/@bufbuild/protoc-gen-es/-/protoc-gen-es-0.2.0.tgz",
      "integrity": "sha512-FFY8GfbMgcgN/nt4DtB+IiLvLmfGjQ7dKYVb6ciKCMymXx5MsRxs4xnJXHtpEv2rDVpDYCOhPkjri8o4AYeSPQ==",
      "requires": {
        "@bufbuild/protoplugin": "0.2.0"
      }
    },
    "@bufbuild/protoplugin": {
      "version": "0.2.0",
      "resolved": "https://registry.npmjs.org/@bufbuild/protoplugin/-/protoplugin-0.2.0.tgz",
      "integrity": "sha512-+zCwqiq6xbeM6OG02+eNCd4Rinu1Mtn+HsjMF8U8h5FazOj1fEP9SnXEabOfImOR83vHfk2jocqzrB4IkSZV2Q==",
      "requires": {
        "@bufbuild/protobuf": "0.2.0"
      }
    }
  }
}
