{
    "name": "plugins-timostamm-protobuf-ts",
    "version": "1.0.0",
    "lockfileVersion": 3,
    "requires": true,
    "packages": {
        "": {
            "name": "plugins-timostamm-protobuf-ts",
            "version": "1.0.0",
            "dependencies": {
                "@protobuf-ts/plugin": "2.8.2"
            }
        },
        "node_modules/@protobuf-ts/plugin": {
            "version": "2.8.2",
            "resolved": "https://registry.npmjs.org/@protobuf-ts/plugin/-/plugin-2.8.2.tgz",
            "integrity": "sha512-rTPxaeKBfUar8ubKxbVdv4XL6AcGA0OOgHNHFyrfODP7Epy80omwuvgFJex1YpeNFJxm/FZXXj5Z+nHuhYEqJg==",
            "dependencies": {
                "@protobuf-ts/plugin-framework": "^2.8.2",
                "@protobuf-ts/protoc": "^2.8.2",
                "@protobuf-ts/runtime": "^2.8.2",
                "@protobuf-ts/runtime-rpc": "^2.8.2",
                "typescript": "^3.9"
            },
            "bin": {
                "protoc-gen-dump": "bin/protoc-gen-dump",
                "protoc-gen-ts": "bin/protoc-gen-ts"
            }
        },
        "node_modules/@protobuf-ts/plugin-framework": {
            "version": "2.8.2",
            "resolved": "https://registry.npmjs.org/@protobuf-ts/plugin-framework/-/plugin-framework-2.8.2.tgz",
            "integrity": "sha512-ivcJdNVB3Iee8044f8erZGBgmB6ZfQbbKyxRgDBXRVKYxsruLr432WcT5upw9autK9OnlSVLaebi8kDneFXd2g==",
            "dependencies": {
                "@protobuf-ts/runtime": "^2.8.2",
                "typescript": "^3.9"
            }
        },
        "node_modules/@protobuf-ts/protoc": {
            "version": "2.8.2",
            "resolved": "https://registry.npmjs.org/@protobuf-ts/protoc/-/protoc-2.8.2.tgz",
            "integrity": "sha512-1e+rOgp22ElyqRWunSc8bhatJcvRe90AGPceVn67IFYzybvfKl17vP1igHddeYkN0dzOucnOrwqn2v1jnDfE2w==",
            "bin": {
                "protoc": "protoc.js"
            }
        },
        "node_modules/@protobuf-ts/runtime": {
            "version": "2.8.2",
            "resolved": "https://registry.npmjs.org/@protobuf-ts/runtime/-/runtime-2.8.2.tgz",
            "integrity": "sha512-PVxsH81y9kEbHldxxG/8Y3z2mTXWQytRl8zNS0mTPUjkEC+8GUX6gj6LsA8EFp25fAs9V0ruh+aNWmPccEI9MA=="
        },
        "node_modules/@protobuf-ts/runtime-rpc": {
            "version": "2.8.2",
            "resolved": "https://registry.npmjs.org/@protobuf-ts/runtime-rpc/-/runtime-rpc-2.8.2.tgz",
            "integrity": "sha512-vum/Y7AXdUTWGFu7dke/jCSB9dV3Oo3iVPcce3j7KudpzzWarDkEGvXjKv3Y8zJPj5waToyxwBNSb7eo5Vw5WA==",
            "dependencies": {
                "@protobuf-ts/runtime": "^2.8.2"
            }
        },
        "node_modules/typescript": {
            "version": "3.9.10",
            "resolved": "https://registry.npmjs.org/typescript/-/typescript-3.9.10.tgz",
            "integrity": "sha512-w6fIxVE/H1PkLKcCPsFqKE7Kv7QUwhU8qQY2MueZXWx5cPZdwFupLgKK3vntcK98BtNHZtAF4LA/yl2a7k8R6Q==",
            "bin": {
                "tsc": "bin/tsc",
                "tsserver": "bin/tsserver"
            },
            "engines": {
                "node": ">=4.2.0"
            }
        }
    }
}
