{
    "name": "plugins-stephenh-ts-proto",
    "version": "1.0.0",
    "lockfileVersion": 3,
    "requires": true,
    "packages": {
        "": {
            "name": "plugins-stephenh-ts-proto",
            "version": "1.0.0",
            "dependencies": {
                "ts-proto": "2.6.1"
            }
        },
        "node_modules/@bufbuild/protobuf": {
            "version": "2.2.3",
            "resolved": "https://registry.npmjs.org/@bufbuild/protobuf/-/protobuf-2.2.3.tgz",
            "integrity": "sha512-tFQoXHJdkEOSwj5tRIZSPNUuXK3RaR7T1nUrPgbYX1pUbvqqaaZAsfo+NXBPsz5rZMSKVFrgK1WL8Q/MSLvprg==",
            "license": "(Apache-2.0 AND BSD-3-Clause)"
        },
        "node_modules/case-anything": {
            "version": "2.1.13",
            "resolved": "https://registry.npmjs.org/case-anything/-/case-anything-2.1.13.tgz",
            "integrity": "sha512-zlOQ80VrQ2Ue+ymH5OuM/DlDq64mEm+B9UTdHULv5osUMD6HalNTblf2b1u/m6QecjsnOkBpqVZ+XPwIVsy7Ng==",
            "license": "MIT",
            "engines": {
                "node": ">=12.13"
            },
            "funding": {
                "url": "https://github.com/sponsors/mesqueeb"
            }
        },
        "node_modules/detect-libc": {
            "version": "1.0.3",
            "resolved": "https://registry.npmjs.org/detect-libc/-/detect-libc-1.0.3.tgz",
            "integrity": "sha512-pGjwhsmsp4kL2RTz08wcOlGN83otlqHeD/Z5T8GXZB+/YcpQ/dgo+lbU8ZsGxV0HIvqqxo9l7mqYwyYMD9bKDg==",
            "license": "Apache-2.0",
            "bin": {
                "detect-libc": "bin/detect-libc.js"
            },
            "engines": {
                "node": ">=0.10"
            }
        },
        "node_modules/dprint-node": {
            "version": "1.0.8",
            "resolved": "https://registry.npmjs.org/dprint-node/-/dprint-node-1.0.8.tgz",
            "integrity": "sha512-iVKnUtYfGrYcW1ZAlfR/F59cUVL8QIhWoBJoSjkkdua/dkWIgjZfiLMeTjiB06X0ZLkQ0M2C1VbUj/CxkIf1zg==",
            "license": "MIT",
            "dependencies": {
                "detect-libc": "^1.0.3"
            }
        },
        "node_modules/ts-poet": {
            "version": "6.11.0",
            "resolved": "https://registry.npmjs.org/ts-poet/-/ts-poet-6.11.0.tgz",
            "integrity": "sha512-r5AGF8vvb+GjBsnqiTqbLhN1/U2FJt6BI+k0dfCrkKzWvUhNlwMmq9nDHuucHs45LomgHjZPvYj96dD3JawjJA==",
            "license": "Apache-2.0",
            "dependencies": {
                "dprint-node": "^1.0.8"
            }
        },
        "node_modules/ts-proto": {
            "version": "2.6.1",
            "resolved": "https://registry.npmjs.org/ts-proto/-/ts-proto-2.6.1.tgz",
            "integrity": "sha512-4LTT99MkwkF1+fIA0b2mZu/58Qlpq3Q1g53TwEMZZgR1w/uX00PoVT4Z8aKJxMw0LeKQD4s9NrJYsF27Clckrg==",
            "license": "ISC",
            "dependencies": {
                "@bufbuild/protobuf": "^2.0.0",
                "case-anything": "^2.1.13",
                "ts-poet": "^6.7.0",
                "ts-proto-descriptors": "2.0.0"
            },
            "bin": {
                "protoc-gen-ts_proto": "protoc-gen-ts_proto"
            }
        },
        "node_modules/ts-proto-descriptors": {
            "version": "2.0.0",
            "resolved": "https://registry.npmjs.org/ts-proto-descriptors/-/ts-proto-descriptors-2.0.0.tgz",
            "integrity": "sha512-wHcTH3xIv11jxgkX5OyCSFfw27agpInAd6yh89hKG6zqIXnjW9SYqSER2CVQxdPj4czeOhGagNvZBEbJPy7qkw==",
            "license": "ISC",
            "dependencies": {
                "@bufbuild/protobuf": "^2.0.0"
            }
        }
    }
}
