{
    "name": "plugins-timostamm-protobuf-ts",
    "version": "1.0.0",
    "lockfileVersion": 3,
    "requires": true,
    "packages": {
        "": {
            "name": "plugins-timostamm-protobuf-ts",
            "version": "1.0.0",
            "dependencies": {
                "@protobuf-ts/plugin": "2.9.0"
            }
        },
        "node_modules/@protobuf-ts/plugin": {
            "version": "2.9.0",
            "resolved": "https://registry.npmjs.org/@protobuf-ts/plugin/-/plugin-2.9.0.tgz",
            "integrity": "sha512-SYHWyvobfYcm1tq5O9DVU0vPYLhm66l83ImGLZBME1bjtyVSZ06aVrAXr6mJrwAjmVBDN9TeoPqstk48zpMHjA==",
            "dependencies": {
                "@protobuf-ts/plugin-framework": "^2.9.0",
                "@protobuf-ts/protoc": "^2.9.0",
                "@protobuf-ts/runtime": "^2.9.0",
                "@protobuf-ts/runtime-rpc": "^2.9.0",
                "typescript": "^3.9"
            },
            "bin": {
                "protoc-gen-dump": "bin/protoc-gen-dump",
                "protoc-gen-ts": "bin/protoc-gen-ts"
            }
        },
        "node_modules/@protobuf-ts/plugin-framework": {
            "version": "2.9.0",
            "resolved": "https://registry.npmjs.org/@protobuf-ts/plugin-framework/-/plugin-framework-2.9.0.tgz",
            "integrity": "sha512-/fgpwEgYeiazEpkp9S+iaxVXd6LCkfd2iCfsvHiiSz94DatwZGkhv/85ciq2vcZVwSeEagKoSKeinnQWYvTnxw==",
            "dependencies": {
                "@protobuf-ts/runtime": "^2.9.0",
                "typescript": "^3.9"
            }
        },
        "node_modules/@protobuf-ts/protoc": {
            "version": "2.9.0",
            "resolved": "https://registry.npmjs.org/@protobuf-ts/protoc/-/protoc-2.9.0.tgz",
            "integrity": "sha512-8mQmw+OVqrpaHgmErle8heE5Z1ktX2vmWJmvFORSTcHxMfqHLv8RKTRroC9pkBQRgUaSGSXmy7n4ItdZnz41dw==",
            "bin": {
                "protoc": "protoc.js"
            }
        },
        "node_modules/@protobuf-ts/runtime": {
            "version": "2.9.0",
            "resolved": "https://registry.npmjs.org/@protobuf-ts/runtime/-/runtime-2.9.0.tgz",
            "integrity": "sha512-DnJtLZFMglADv9jiawBmg0RaET4a6fNSAaAHuU6Ovw2ZhJ23ehIY0NrlYLS0Lc8HRH0S5rkLI1QF1A1h8uKUnA=="
        },
        "node_modules/@protobuf-ts/runtime-rpc": {
            "version": "2.9.0",
            "resolved": "https://registry.npmjs.org/@protobuf-ts/runtime-rpc/-/runtime-rpc-2.9.0.tgz",
            "integrity": "sha512-h2S86+u2cNJACjzbBubbjKmNrnXkTmJ9yJHW4t7ZVS9xdV1C68blsVIh3Su4ghR8Nlj0459FuIUTsjWR8hA/7g==",
            "dependencies": {
                "@protobuf-ts/runtime": "^2.9.0"
            }
        },
        "node_modules/typescript": {
            "version": "3.9.10",
            "resolved": "https://registry.npmjs.org/typescript/-/typescript-3.9.10.tgz",
            "integrity": "sha512-w6fIxVE/H1PkLKcCPsFqKE7Kv7QUwhU8qQY2MueZXWx5cPZdwFupLgKK3vntcK98BtNHZtAF4LA/yl2a7k8R6Q==",
            "bin": {
                "tsc": "bin/tsc",
                "tsserver": "bin/tsserver"
            },
            "engines": {
                "node": ">=4.2.0"
            }
        }
    }
}
