{
    "name": "plugins-timostamm-protobuf-ts",
    "version": "1.0.0",
    "lockfileVersion": 3,
    "requires": true,
    "packages": {
        "": {
            "name": "plugins-timostamm-protobuf-ts",
            "version": "1.0.0",
            "dependencies": {
                "@protobuf-ts/plugin": "2.9.3"
            }
        },
        "node_modules/@protobuf-ts/plugin": {
            "version": "2.9.3",
            "resolved": "https://registry.npmjs.org/@protobuf-ts/plugin/-/plugin-2.9.3.tgz",
            "integrity": "sha512-tHYACv+nnIV2eoiMxeZhrgMqGiUktzUzrhfgnROg/rr8TecPLp9v5/yqNibN+bad5k7d57aqlTuQKhFl+J4W/g==",
            "dependencies": {
                "@protobuf-ts/plugin-framework": "^2.9.3",
                "@protobuf-ts/protoc": "^2.9.3",
                "@protobuf-ts/runtime": "^2.9.3",
                "@protobuf-ts/runtime-rpc": "^2.9.3",
                "typescript": "^3.9"
            },
            "bin": {
                "protoc-gen-dump": "bin/protoc-gen-dump",
                "protoc-gen-ts": "bin/protoc-gen-ts"
            }
        },
        "node_modules/@protobuf-ts/plugin-framework": {
            "version": "2.9.3",
            "resolved": "https://registry.npmjs.org/@protobuf-ts/plugin-framework/-/plugin-framework-2.9.3.tgz",
            "integrity": "sha512-iqdkhAu7fGPvBCVOoAEEFJ1/oaGIBoNIMgSv2WonTNJVHxv5FvvAfWFn6nG/eta34fHRZT38ZXTaYcMUkv8AiQ==",
            "dependencies": {
                "@protobuf-ts/runtime": "^2.9.3",
                "typescript": "^3.9"
            }
        },
        "node_modules/@protobuf-ts/protoc": {
            "version": "2.9.3",
            "resolved": "https://registry.npmjs.org/@protobuf-ts/protoc/-/protoc-2.9.3.tgz",
            "integrity": "sha512-TJ0Ycx/CIBqpB4wpKt6K05kjXj6zv36s/qpdCT/wdJBhpayOVBqLF5NpLp3WIiw1PmIxvqalB6QHKjvnLzGKLA==",
            "bin": {
                "protoc": "protoc.js"
            }
        },
        "node_modules/@protobuf-ts/runtime": {
            "version": "2.9.3",
            "resolved": "https://registry.npmjs.org/@protobuf-ts/runtime/-/runtime-2.9.3.tgz",
            "integrity": "sha512-nivzCpg/qYD0RX2OmHOahJALb8ndjGmUhNBcTJ0BbXoqKwCSM6vYA+vegzS3rhuaPgbyC7Ec8idlnizzUfIRuw=="
        },
        "node_modules/@protobuf-ts/runtime-rpc": {
            "version": "2.9.3",
            "resolved": "https://registry.npmjs.org/@protobuf-ts/runtime-rpc/-/runtime-rpc-2.9.3.tgz",
            "integrity": "sha512-WelHpctvZeG8yhbb7tnsrLzotq9xjMCXuGuhJ8qMyEdNoBBEodbXseofAYFTebo2/PN2LzyEq3X6vwr5f8jqTA==",
            "dependencies": {
                "@protobuf-ts/runtime": "^2.9.3"
            }
        },
        "node_modules/typescript": {
            "version": "3.9.10",
            "resolved": "https://registry.npmjs.org/typescript/-/typescript-3.9.10.tgz",
            "integrity": "sha512-w6fIxVE/H1PkLKcCPsFqKE7Kv7QUwhU8qQY2MueZXWx5cPZdwFupLgKK3vntcK98BtNHZtAF4LA/yl2a7k8R6Q==",
            "bin": {
                "tsc": "bin/tsc",
                "tsserver": "bin/tsserver"
            },
            "engines": {
                "node": ">=4.2.0"
            }
        }
    }
}
